version = 1
revision = 3
requires-python = ">=3.9"

[[package]]
name = "paper"
version = "0.1.0"
source = { virtual = "." }
dependencies = [
    { name = "pytinytex" },
]

[package.metadata]
requires-dist = [{ name = "pytinytex", specifier = ">=0.5.1" }]

[[package]]
name = "pytinytex"
version = "0.5.1"
source = { registry = "https://pypi.org/simple" }
sdist = { url = "https://files.pythonhosted.org/packages/7c/9c/dfbe60d3f33b3406fb9a50d06d9f1ad086e24d1bc83d6fdd992e12d02eb6/pytinytex-0.5.1.tar.gz", hash = "sha256:206d2adcbe58262ee501399c7aed30b684473b03dcb71fc248271d1801138525", size = 33203, upload-time = "2026-03-13T20:28:22.793Z" }
wheels = [
    { url = "https://files.pythonhosted.org/packages/76/ae/169877f749443356ac9f5ff07dc128fdead4ccd4094ba3ad9bc5ee53d2a9/pytinytex-0.5.1-py3-none-any.whl", hash = "sha256:16cbad3f70e40a14855bbd807bab9ba74232e87268738dc4ce2af4f6abd6d248", size = 20694, upload-time = "2026-03-13T20:28:21.48Z" },
]
